// !$*UTF8*$!
{
	archiveVersion = 1;
	classes = {
	};
	objectVersion = 77;
	objects = {

/* Begin PBXContainerItemProxy section */
		F94A61742E7B0C3600DB2DD4 /* PBXContainerItemProxy */ = {
			isa = PBXContainerItemProxy;
			containerPortal = F94A615C2E7B0C3500DB2DD4 /* Project object */;
			proxyType = 1;
			remoteGlobalIDString = F94A61632E7B0C3500DB2DD4;
			remoteInfo = kajimiru;
		};
		F94A617E2E7B0C3600DB2DD4 /* PBXContainerItemProxy */ = {
			isa = PBXContainerItemProxy;
			containerPortal = F94A615C2E7B0C3500DB2DD4 /* Project object */;
			proxyType = 1;
			remoteGlobalIDString = F94A61632E7B0C3500DB2DD4;
			remoteInfo = kajimiru;
		};
/* End PBXContainerItemProxy section */

/* Begin PBXBuildFile section */
                02E69232A956DC74CF9CBE28 /* KajimiruKit in Frameworks */ = {isa = PBXBuildFile; productRef = 03AC504BBB0D42F933B5077C /* KajimiruKit */; };
/* End PBXBuildFile section */

/* Begin PBXFileReference section */
		F94A61642E7B0C3500DB2DD4 /* kajimiru.app */ = {isa = PBXFileReference; explicitFileType = wrapper.application; includeInIndex = 0; path = kajimiru.app; sourceTree = BUILT_PRODUCTS_DIR; };
		F94A61732E7B0C3600DB2DD4 /* kajimiruTests.xctest */ = {isa = PBXFileReference; explicitFileType = wrapper.cfbundle; includeInIndex = 0; path = kajimiruTests.xctest; sourceTree = BUILT_PRODUCTS_DIR; };
		F94A617D2E7B0C3600DB2DD4 /* kajimiruUITests.xctest */ = {isa = PBXFileReference; explicitFileType = wrapper.cfbundle; includeInIndex = 0; path = kajimiruUITests.xctest; sourceTree = BUILT_PRODUCTS_DIR; };
/* End PBXFileReference section */

/* Begin PBXFileSystemSynchronizedRootGroup section */
		F94A61662E7B0C3500DB2DD4 /* kajimiru */ = {
			isa = PBXFileSystemSynchronizedRootGroup;
			path = kajimiru;
			sourceTree = "<group>";
		};
		F94A61762E7B0C3600DB2DD4 /* kajimiruTests */ = {
			isa = PBXFileSystemSynchronizedRootGroup;
			path = kajimiruTests;
			sourceTree = "<group>";
		};
		F94A61802E7B0C3600DB2DD4 /* kajimiruUITests */ = {
			isa = PBXFileSystemSynchronizedRootGroup;
			path = kajimiruUITests;
			sourceTree = "<group>";
		};
/* End PBXFileSystemSynchronizedRootGroup section */

/* Begin PBXFrameworksBuildPhase section */
                F94A61612E7B0C3500DB2DD4 /* Frameworks */ = {
                        isa = PBXFrameworksBuildPhase;
                        buildActionMask = 2147483647;
                        files = (
                                02E69232A956DC74CF9CBE28 /* KajimiruKit in Frameworks */,
                        );
                        runOnlyForDeploymentPostprocessing = 0;
                };
		F94A61702E7B0C3600DB2DD4 /* Frameworks */ = {
			isa = PBXFrameworksBuildPhase;
			buildActionMask = 2147483647;
			files = (
			);
			runOnlyForDeploymentPostprocessing = 0;
		};
		F94A617A2E7B0C3600DB2DD4 /* Frameworks */ = {
			isa = PBXFrameworksBuildPhase;
			buildActionMask = 2147483647;
			files = (
			);
			runOnlyForDeploymentPostprocessing = 0;
		};
/* End PBXFrameworksBuildPhase section */

/* Begin PBXGroup section */
		F94A615B2E7B0C3500DB2DD4 = {
			isa = PBXGroup;
			children = (
				F94A61662E7B0C3500DB2DD4 /* kajimiru */,
				F94A61762E7B0C3600DB2DD4 /* kajimiruTests */,
				F94A61802E7B0C3600DB2DD4 /* kajimiruUITests */,
				F94A61652E7B0C3500DB2DD4 /* Products */,
			);
			sourceTree = "<group>";
		};
		F94A61652E7B0C3500DB2DD4 /* Products */ = {
			isa = PBXGroup;
			children = (
				F94A61642E7B0C3500DB2DD4 /* kajimiru.app */,
				F94A61732E7B0C3600DB2DD4 /* kajimiruTests.xctest */,
				F94A617D2E7B0C3600DB2DD4 /* kajimiruUITests.xctest */,
			);
			name = Products;
			sourceTree = "<group>";
		};
/* End PBXGroup section */

/* Begin PBXNativeTarget section */
		F94A61632E7B0C3500DB2DD4 /* kajimiru */ = {
			isa = PBXNativeTarget;
			buildConfigurationList = F94A61872E7B0C3600DB2DD4 /* Build configuration list for PBXNativeTarget "kajimiru" */;
			buildPhases = (
				F94A61602E7B0C3500DB2DD4 /* Sources */,
				F94A61612E7B0C3500DB2DD4 /* Frameworks */,
				F94A61622E7B0C3500DB2DD4 /* Resources */,
			);
			buildRules = (
			);
			dependencies = (
			);
			fileSystemSynchronizedGroups = (
				F94A61662E7B0C3500DB2DD4 /* kajimiru */,
			);
			name = kajimiru;
                        packageProductDependencies = (
                                03AC504BBB0D42F933B5077C /* KajimiruKit */,
                        );
			productName = kajimiru;
			productReference = F94A61642E7B0C3500DB2DD4 /* kajimiru.app */;
			productType = "com.apple.product-type.application";
		};
		F94A61722E7B0C3600DB2DD4 /* kajimiruTests */ = {
			isa = PBXNativeTarget;
			buildConfigurationList = F94A618A2E7B0C3600DB2DD4 /* Build configuration list for PBXNativeTarget "kajimiruTests" */;
			buildPhases = (
				F94A616F2E7B0C3600DB2DD4 /* Sources */,
				F94A61702E7B0C3600DB2DD4 /* Frameworks */,
				F94A61712E7B0C3600DB2DD4 /* Resources */,
			);
			buildRules = (
			);
			dependencies = (
				F94A61752E7B0C3600DB2DD4 /* PBXTargetDependency */,
			);
			fileSystemSynchronizedGroups = (
				F94A61762E7B0C3600DB2DD4 /* kajimiruTests */,
			);
			name = kajimiruTests;
			packageProductDependencies = (
			);
			productName = kajimiruTests;
			productReference = F94A61732E7B0C3600DB2DD4 /* kajimiruTests.xctest */;
			productType = "com.apple.product-type.bundle.unit-test";
		};
		F94A617C2E7B0C3600DB2DD4 /* kajimiruUITests */ = {
			isa = PBXNativeTarget;
			buildConfigurationList = F94A618D2E7B0C3600DB2DD4 /* Build configuration list for PBXNativeTarget "kajimiruUITests" */;
			buildPhases = (
				F94A61792E7B0C3600DB2DD4 /* Sources */,
				F94A617A2E7B0C3600DB2DD4 /* Frameworks */,
				F94A617B2E7B0C3600DB2DD4 /* Resources */,
			);
			buildRules = (
			);
			dependencies = (
				F94A617F2E7B0C3600DB2DD4 /* PBXTargetDependency */,
			);
			fileSystemSynchronizedGroups = (
				F94A61802E7B0C3600DB2DD4 /* kajimiruUITests */,
			);
			name = kajimiruUITests;
			packageProductDependencies = (
			);
			productName = kajimiruUITests;
			productReference = F94A617D2E7B0C3600DB2DD4 /* kajimiruUITests.xctest */;
			productType = "com.apple.product-type.bundle.ui-testing";
		};
/* End PBXNativeTarget section */

/* Begin PBXProject section */
		F94A615C2E7B0C3500DB2DD4 /* Project object */ = {
			isa = PBXProject;
			attributes = {
				BuildIndependentTargetsInParallel = 1;
				LastSwiftUpdateCheck = 1640;
				LastUpgradeCheck = 1640;
				TargetAttributes = {
					F94A61632E7B0C3500DB2DD4 = {
						CreatedOnToolsVersion = 16.4;
					};
					F94A61722E7B0C3600DB2DD4 = {
						CreatedOnToolsVersion = 16.4;
						TestTargetID = F94A61632E7B0C3500DB2DD4;
					};
					F94A617C2E7B0C3600DB2DD4 = {
						CreatedOnToolsVersion = 16.4;
						TestTargetID = F94A61632E7B0C3500DB2DD4;
					};
				};
			};
			buildConfigurationList = F94A615F2E7B0C3500DB2DD4 /* Build configuration list for PBXProject "kajimiru" */;
			developmentRegion = en;
			hasScannedForEncodings = 0;
                        knownRegions = (
                                en,
                                Base,
                        );
                        mainGroup = F94A615B2E7B0C3500DB2DD4;
                        minimizedProjectReferenceProxies = 1;
                        packageReferences = (
                                33579B7A79B2DC848EEB1572 /* KajimiruKit */,
                        );
                        preferredProjectObjectVersion = 77;
			productRefGroup = F94A61652E7B0C3500DB2DD4 /* Products */;
			projectDirPath = "";
			projectRoot = "";
			targets = (
				F94A61632E7B0C3500DB2DD4 /* kajimiru */,
				F94A61722E7B0C3600DB2DD4 /* kajimiruTests */,
				F94A617C2E7B0C3600DB2DD4 /* kajimiruUITests */,
			);
		};
/* End PBXProject section */

/* Begin PBXResourcesBuildPhase section */
		F94A61622E7B0C3500DB2DD4 /* Resources */ = {
			isa = PBXResourcesBuildPhase;
			buildActionMask = 2147483647;
			files = (
			);
			runOnlyForDeploymentPostprocessing = 0;
		};
		F94A61712E7B0C3600DB2DD4 /* Resources */ = {
			isa = PBXResourcesBuildPhase;
			buildActionMask = 2147483647;
			files = (
			);
			runOnlyForDeploymentPostprocessing = 0;
		};
		F94A617B2E7B0C3600DB2DD4 /* Resources */ = {
			isa = PBXResourcesBuildPhase;
			buildActionMask = 2147483647;
			files = (
			);
			runOnlyForDeploymentPostprocessing = 0;
		};
/* End PBXResourcesBuildPhase section */

/* Begin PBXSourcesBuildPhase section */
		F94A61602E7B0C3500DB2DD4 /* Sources */ = {
			isa = PBXSourcesBuildPhase;
			buildActionMask = 2147483647;
			files = (
			);
			runOnlyForDeploymentPostprocessing = 0;
		};
		F94A616F2E7B0C3600DB2DD4 /* Sources */ = {
			isa = PBXSourcesBuildPhase;
			buildActionMask = 2147483647;
			files = (
			);
			runOnlyForDeploymentPostprocessing = 0;
		};
		F94A61792E7B0C3600DB2DD4 /* Sources */ = {
			isa = PBXSourcesBuildPhase;
			buildActionMask = 2147483647;
			files = (
			);
			runOnlyForDeploymentPostprocessing = 0;
		};
/* End PBXSourcesBuildPhase section */

/* Begin PBXTargetDependency section */
		F94A61752E7B0C3600DB2DD4 /* PBXTargetDependency */ = {
			isa = PBXTargetDependency;
			target = F94A61632E7B0C3500DB2DD4 /* kajimiru */;
			targetProxy = F94A61742E7B0C3600DB2DD4 /* PBXContainerItemProxy */;
		};
		F94A617F2E7B0C3600DB2DD4 /* PBXTargetDependency */ = {
			isa = PBXTargetDependency;
			target = F94A61632E7B0C3500DB2DD4 /* kajimiru */;
			targetProxy = F94A617E2E7B0C3600DB2DD4 /* PBXContainerItemProxy */;
		};
/* End PBXTargetDependency section */

/* Begin XCLocalSwiftPackageReference section */
                33579B7A79B2DC848EEB1572 /* KajimiruKit */ = {isa = XCLocalSwiftPackageReference; relativePath = ".."; };
/* End XCLocalSwiftPackageReference section */

/* Begin XCSwiftPackageProductDependency section */
                03AC504BBB0D42F933B5077C /* KajimiruKit */ = {isa = XCSwiftPackageProductDependency; package = 33579B7A79B2DC848EEB1572 /* KajimiruKit */; productName = KajimiruKit; };
/* End XCSwiftPackageProductDependency section */

/* Begin XCBuildConfiguration section */
		F94A61852E7B0C3600DB2DD4 /* Debug */ = {
			isa = XCBuildConfiguration;
			buildSettings = {
				ALWAYS_SEARCH_USER_PATHS = NO;
				ASSETCATALOG_COMPILER_GENERATE_SWIFT_ASSET_SYMBOL_EXTENSIONS = YES;
				CLANG_ANALYZER_NONNULL = YES;
				CLANG_ANALYZER_NUMBER_OBJECT_CONVERSION = YES_AGGRESSIVE;
				CLANG_CXX_LANGUAGE_STANDARD = "gnu++20";
				CLANG_ENABLE_MODULES = YES;
				CLANG_ENABLE_OBJC_ARC = YES;
				CLANG_ENABLE_OBJC_WEAK = YES;
				CLANG_WARN_BLOCK_CAPTURE_AUTORELEASING = YES;
				CLANG_WARN_BOOL_CONVERSION = YES;
				CLANG_WARN_COMMA = YES;
				CLANG_WARN_CONSTANT_CONVERSION = YES;
				CLANG_WARN_DEPRECATED_OBJC_IMPLEMENTATIONS = YES;
				CLANG_WARN_DIRECT_OBJC_ISA_USAGE = YES_ERROR;
				CLANG_WARN_DOCUMENTATION_COMMENTS = YES;
				CLANG_WARN_EMPTY_BODY = YES;
				CLANG_WARN_ENUM_CONVERSION = YES;
				CLANG_WARN_INFINITE_RECURSION = YES;
				CLANG_WARN_INT_CONVERSION = YES;
				CLANG_WARN_NON_LITERAL_NULL_CONVERSION = YES;
				CLANG_WARN_OBJC_IMPLICIT_RETAIN_SELF = YES;
				CLANG_WARN_OBJC_LITERAL_CONVERSION = YES;
				CLANG_WARN_OBJC_ROOT_CLASS = YES_ERROR;
				CLANG_WARN_QUOTED_INCLUDE_IN_FRAMEWORK_HEADER = YES;
				CLANG_WARN_RANGE_LOOP_ANALYSIS = YES;
				CLANG_WARN_STRICT_PROTOTYPES = YES;
				CLANG_WARN_SUSPICIOUS_MOVE = YES;
				CLANG_WARN_UNGUARDED_AVAILABILITY = YES_AGGRESSIVE;
				CLANG_WARN_UNREACHABLE_CODE = YES;
				CLANG_WARN__DUPLICATE_METHOD_MATCH = YES;
				COPY_PHASE_STRIP = NO;
				DEBUG_INFORMATION_FORMAT = dwarf;
				DEVELOPMENT_TEAM = 4N67SXDXXM;
				ENABLE_STRICT_OBJC_MSGSEND = YES;
				ENABLE_TESTABILITY = YES;
				ENABLE_USER_SCRIPT_SANDBOXING = YES;
				GCC_C_LANGUAGE_STANDARD = gnu17;
				GCC_DYNAMIC_NO_PIC = NO;
				GCC_NO_COMMON_BLOCKS = YES;
				GCC_OPTIMIZATION_LEVEL = 0;
				GCC_PREPROCESSOR_DEFINITIONS = (
					"DEBUG=1",
					"$(inherited)",
				);
				GCC_WARN_64_TO_32_BIT_CONVERSION = YES;
				GCC_WARN_ABOUT_RETURN_TYPE = YES_ERROR;
				GCC_WARN_UNDECLARED_SELECTOR = YES;
				GCC_WARN_UNINITIALIZED_AUTOS = YES_AGGRESSIVE;
				GCC_WARN_UNUSED_FUNCTION = YES;
				GCC_WARN_UNUSED_VARIABLE = YES;
				IPHONEOS_DEPLOYMENT_TARGET = 18.5;
				LOCALIZATION_PREFERS_STRING_CATALOGS = YES;
				MTL_ENABLE_DEBUG_INFO = INCLUDE_SOURCE;
				MTL_FAST_MATH = YES;
				ONLY_ACTIVE_ARCH = YES;
				SDKROOT = iphoneos;
				SWIFT_ACTIVE_COMPILATION_CONDITIONS = "DEBUG $(inherited)";
				SWIFT_OPTIMIZATION_LEVEL = "-Onone";
			};
			name = Debug;
		};
		F94A61862E7B0C3600DB2DD4 /* Release */ = {
			isa = XCBuildConfiguration;
			buildSettings = {
				ALWAYS_SEARCH_USER_PATHS = NO;
				ASSETCATALOG_COMPILER_GENERATE_SWIFT_ASSET_SYMBOL_EXTENSIONS = YES;
				CLANG_ANALYZER_NONNULL = YES;
				CLANG_ANALYZER_NUMBER_OBJECT_CONVERSION = YES_AGGRESSIVE;
				CLANG_CXX_LANGUAGE_STANDARD = "gnu++20";
				CLANG_ENABLE_MODULES = YES;
				CLANG_ENABLE_OBJC_ARC = YES;
				CLANG_ENABLE_OBJC_WEAK = YES;
				CLANG_WARN_BLOCK_CAPTURE_AUTORELEASING = YES;
				CLANG_WARN_BOOL_CONVERSION = YES;
				CLANG_WARN_COMMA = YES;
				CLANG_WARN_CONSTANT_CONVERSION = YES;
				CLANG_WARN_DEPRECATED_OBJC_IMPLEMENTATIONS = YES;
				CLANG_WARN_DIRECT_OBJC_ISA_USAGE = YES_ERROR;
				CLANG_WARN_DOCUMENTATION_COMMENTS = YES;
				CLANG_WARN_EMPTY_BODY = YES;
				CLANG_WARN_ENUM_CONVERSION = YES;
				CLANG_WARN_INFINITE_RECURSION = YES;
				CLANG_WARN_INT_CONVERSION = YES;
				CLANG_WARN_NON_LITERAL_NULL_CONVERSION = YES;
				CLANG_WARN_OBJC_IMPLICIT_RETAIN_SELF = YES;
				CLANG_WARN_OBJC_LITERAL_CONVERSION = YES;
				CLANG_WARN_OBJC_ROOT_CLASS = YES_ERROR;
				CLANG_WARN_QUOTED_INCLUDE_IN_FRAMEWORK_HEADER = YES;
				CLANG_WARN_RANGE_LOOP_ANALYSIS = YES;
				CLANG_WARN_STRICT_PROTOTYPES = YES;
				CLANG_WARN_SUSPICIOUS_MOVE = YES;
				CLANG_WARN_UNGUARDED_AVAILABILITY = YES_AGGRESSIVE;
				CLANG_WARN_UNREACHABLE_CODE = YES;
				CLANG_WARN__DUPLICATE_METHOD_MATCH = YES;
				COPY_PHASE_STRIP = NO;
				DEBUG_INFORMATION_FORMAT = "dwarf-with-dsym";
				DEVELOPMENT_TEAM = 4N67SXDXXM;
				ENABLE_NS_ASSERTIONS = NO;
				ENABLE_STRICT_OBJC_MSGSEND = YES;
				ENABLE_USER_SCRIPT_SANDBOXING = YES;
				GCC_C_LANGUAGE_STANDARD = gnu17;
				GCC_NO_COMMON_BLOCKS = YES;
				GCC_WARN_64_TO_32_BIT_CONVERSION = YES;
				GCC_WARN_ABOUT_RETURN_TYPE = YES_ERROR;
				GCC_WARN_UNDECLARED_SELECTOR = YES;
				GCC_WARN_UNINITIALIZED_AUTOS = YES_AGGRESSIVE;
				GCC_WARN_UNUSED_FUNCTION = YES;
				GCC_WARN_UNUSED_VARIABLE = YES;
				IPHONEOS_DEPLOYMENT_TARGET = 18.5;
				LOCALIZATION_PREFERS_STRING_CATALOGS = YES;
				MTL_ENABLE_DEBUG_INFO = NO;
				MTL_FAST_MATH = YES;
				SDKROOT = iphoneos;
				SWIFT_COMPILATION_MODE = wholemodule;
				VALIDATE_PRODUCT = YES;
			};
			name = Release;
		};
		F94A61882E7B0C3600DB2DD4 /* Debug */ = {
			isa = XCBuildConfiguration;
			buildSettings = {
				ASSETCATALOG_COMPILER_APPICON_NAME = AppIcon;
				ASSETCATALOG_COMPILER_GLOBAL_ACCENT_COLOR_NAME = AccentColor;
				CODE_SIGN_STYLE = Automatic;
				CURRENT_PROJECT_VERSION = 1;
				DEVELOPMENT_TEAM = 4N67SXDXXM;
				ENABLE_PREVIEWS = YES;
				GENERATE_INFOPLIST_FILE = YES;
				INFOPLIST_KEY_UIApplicationSceneManifest_Generation = YES;
				INFOPLIST_KEY_UIApplicationSupportsIndirectInputEvents = YES;
				INFOPLIST_KEY_UILaunchScreen_Generation = YES;
				INFOPLIST_KEY_UISupportedInterfaceOrientations_iPad = "UIInterfaceOrientationPortrait UIInterfaceOrientationPortraitUpsideDown UIInterfaceOrientationLandscapeLeft UIInterfaceOrientationLandscapeRight";
				INFOPLIST_KEY_UISupportedInterfaceOrientations_iPhone = "UIInterfaceOrientationPortrait UIInterfaceOrientationLandscapeLeft UIInterfaceOrientationLandscapeRight";
				LD_RUNPATH_SEARCH_PATHS = (
					"$(inherited)",
					"@executable_path/Frameworks",
				);
				MARKETING_VERSION = 1.0;
				PRODUCT_BUNDLE_IDENTIFIER = com.hr20k.kajimiru;
				PRODUCT_NAME = "$(TARGET_NAME)";
				SWIFT_EMIT_LOC_STRINGS = YES;
				SWIFT_VERSION = 5.0;
				TARGETED_DEVICE_FAMILY = "1,2";
			};
			name = Debug;
		};
		F94A61892E7B0C3600DB2DD4 /* Release */ = {
			isa = XCBuildConfiguration;
			buildSettings = {
				ASSETCATALOG_COMPILER_APPICON_NAME = AppIcon;
				ASSETCATALOG_COMPILER_GLOBAL_ACCENT_COLOR_NAME = AccentColor;
				CODE_SIGN_STYLE = Automatic;
				CURRENT_PROJECT_VERSION = 1;
				DEVELOPMENT_TEAM = 4N67SXDXXM;
				ENABLE_PREVIEWS = YES;
				GENERATE_INFOPLIST_FILE = YES;
				INFOPLIST_KEY_UIApplicationSceneManifest_Generation = YES;
				INFOPLIST_KEY_UIApplicationSupportsIndirectInputEvents = YES;
				INFOPLIST_KEY_UILaunchScreen_Generation = YES;
				INFOPLIST_KEY_UISupportedInterfaceOrientations_iPad = "UIInterfaceOrientationPortrait UIInterfaceOrientationPortraitUpsideDown UIInterfaceOrientationLandscapeLeft UIInterfaceOrientationLandscapeRight";
				INFOPLIST_KEY_UISupportedInterfaceOrientations_iPhone = "UIInterfaceOrientationPortrait UIInterfaceOrientationLandscapeLeft UIInterfaceOrientationLandscapeRight";
				LD_RUNPATH_SEARCH_PATHS = (
					"$(inherited)",
					"@executable_path/Frameworks",
				);
				MARKETING_VERSION = 1.0;
				PRODUCT_BUNDLE_IDENTIFIER = com.hr20k.kajimiru;
				PRODUCT_NAME = "$(TARGET_NAME)";
				SWIFT_EMIT_LOC_STRINGS = YES;
				SWIFT_VERSION = 5.0;
				TARGETED_DEVICE_FAMILY = "1,2";
			};
			name = Release;
		};
		F94A618B2E7B0C3600DB2DD4 /* Debug */ = {
			isa = XCBuildConfiguration;
			buildSettings = {
				BUNDLE_LOADER = "$(TEST_HOST)";
				CODE_SIGN_STYLE = Automatic;
				CURRENT_PROJECT_VERSION = 1;
				DEVELOPMENT_TEAM = 4N67SXDXXM;
				GENERATE_INFOPLIST_FILE = YES;
				IPHONEOS_DEPLOYMENT_TARGET = 18.5;
				MARKETING_VERSION = 1.0;
				PRODUCT_BUNDLE_IDENTIFIER = com.hr20k.kajimiruTests;
				PRODUCT_NAME = "$(TARGET_NAME)";
				SWIFT_EMIT_LOC_STRINGS = NO;
				SWIFT_VERSION = 5.0;
				TARGETED_DEVICE_FAMILY = "1,2";
				TEST_HOST = "$(BUILT_PRODUCTS_DIR)/kajimiru.app/$(BUNDLE_EXECUTABLE_FOLDER_PATH)/kajimiru";
			};
			name = Debug;
		};
		F94A618C2E7B0C3600DB2DD4 /* Release */ = {
			isa = XCBuildConfiguration;
			buildSettings = {
				BUNDLE_LOADER = "$(TEST_HOST)";
				CODE_SIGN_STYLE = Automatic;
				CURRENT_PROJECT_VERSION = 1;
				DEVELOPMENT_TEAM = 4N67SXDXXM;
				GENERATE_INFOPLIST_FILE = YES;
				IPHONEOS_DEPLOYMENT_TARGET = 18.5;
				MARKETING_VERSION = 1.0;
				PRODUCT_BUNDLE_IDENTIFIER = com.hr20k.kajimiruTests;
				PRODUCT_NAME = "$(TARGET_NAME)";
				SWIFT_EMIT_LOC_STRINGS = NO;
				SWIFT_VERSION = 5.0;
				TARGETED_DEVICE_FAMILY = "1,2";
				TEST_HOST = "$(BUILT_PRODUCTS_DIR)/kajimiru.app/$(BUNDLE_EXECUTABLE_FOLDER_PATH)/kajimiru";
			};
			name = Release;
		};
		F94A618E2E7B0C3600DB2DD4 /* Debug */ = {
			isa = XCBuildConfiguration;
			buildSettings = {
				CODE_SIGN_STYLE = Automatic;
				CURRENT_PROJECT_VERSION = 1;
				DEVELOPMENT_TEAM = 4N67SXDXXM;
				GENERATE_INFOPLIST_FILE = YES;
				MARKETING_VERSION = 1.0;
				PRODUCT_BUNDLE_IDENTIFIER = com.hr20k.kajimiruUITests;
				PRODUCT_NAME = "$(TARGET_NAME)";
				SWIFT_EMIT_LOC_STRINGS = NO;
				SWIFT_VERSION = 5.0;
				TARGETED_DEVICE_FAMILY = "1,2";
				TEST_TARGET_NAME = kajimiru;
			};
			name = Debug;
		};
		F94A618F2E7B0C3600DB2DD4 /* Release */ = {
			isa = XCBuildConfiguration;
			buildSettings = {
				CODE_SIGN_STYLE = Automatic;
				CURRENT_PROJECT_VERSION = 1;
				DEVELOPMENT_TEAM = 4N67SXDXXM;
				GENERATE_INFOPLIST_FILE = YES;
				MARKETING_VERSION = 1.0;
				PRODUCT_BUNDLE_IDENTIFIER = com.hr20k.kajimiruUITests;
				PRODUCT_NAME = "$(TARGET_NAME)";
				SWIFT_EMIT_LOC_STRINGS = NO;
				SWIFT_VERSION = 5.0;
				TARGETED_DEVICE_FAMILY = "1,2";
				TEST_TARGET_NAME = kajimiru;
			};
			name = Release;
		};
/* End XCBuildConfiguration section */

/* Begin XCConfigurationList section */
		F94A615F2E7B0C3500DB2DD4 /* Build configuration list for PBXProject "kajimiru" */ = {
			isa = XCConfigurationList;
			buildConfigurations = (
				F94A61852E7B0C3600DB2DD4 /* Debug */,
				F94A61862E7B0C3600DB2DD4 /* Release */,
			);
			defaultConfigurationIsVisible = 0;
			defaultConfigurationName = Release;
		};
		F94A61872E7B0C3600DB2DD4 /* Build configuration list for PBXNativeTarget "kajimiru" */ = {
			isa = XCConfigurationList;
			buildConfigurations = (
				F94A61882E7B0C3600DB2DD4 /* Debug */,
				F94A61892E7B0C3600DB2DD4 /* Release */,
			);
			defaultConfigurationIsVisible = 0;
			defaultConfigurationName = Release;
		};
		F94A618A2E7B0C3600DB2DD4 /* Build configuration list for PBXNativeTarget "kajimiruTests" */ = {
			isa = XCConfigurationList;
			buildConfigurations = (
				F94A618B2E7B0C3600DB2DD4 /* Debug */,
				F94A618C2E7B0C3600DB2DD4 /* Release */,
			);
			defaultConfigurationIsVisible = 0;
			defaultConfigurationName = Release;
		};
		F94A618D2E7B0C3600DB2DD4 /* Build configuration list for PBXNativeTarget "kajimiruUITests" */ = {
			isa = XCConfigurationList;
			buildConfigurations = (
				F94A618E2E7B0C3600DB2DD4 /* Debug */,
				F94A618F2E7B0C3600DB2DD4 /* Release */,
			);
			defaultConfigurationIsVisible = 0;
			defaultConfigurationName = Release;
		};
/* End XCConfigurationList section */
	};
	rootObject = F94A615C2E7B0C3500DB2DD4 /* Project object */;
}
